// !$*UTF8*$!
{
	archiveVersion = 1;
	classes = {
	};
	objectVersion = 46;
	objects = {

/* Begin PBXBuildFile section */
		5501720C1C6C66900086DC28 /* FlickrConstants.swift in Sources */ = {isa = PBXBuildFile; fileRef = 5501720B1C6C66900086DC28 /* FlickrConstants.swift */; };
		550172101C6C74100086DC28 /* FlickrConvenient.swift in Sources */ = {isa = PBXBuildFile; fileRef = 5501720F1C6C74100086DC28 /* FlickrConvenient.swift */; };
		550172541C71BC310086DC28 /* CoreDataStackManager.swift in Sources */ = {isa = PBXBuildFile; fileRef = 550172531C71BC310086DC28 /* CoreDataStackManager.swift */; };
		550172671C790A080086DC28 /* Photos+CoreDataProperties.swift in Sources */ = {isa = PBXBuildFile; fileRef = 550172631C790A080086DC28 /* Photos+CoreDataProperties.swift */; };
		550172681C790A080086DC28 /* Photos.swift in Sources */ = {isa = PBXBuildFile; fileRef = 550172641C790A080086DC28 /* Photos.swift */; };
		5501726D1C7A89450086DC28 /* Pin+CoreDataProperties.swift in Sources */ = {isa = PBXBuildFile; fileRef = 5501726B1C7A89450086DC28 /* Pin+CoreDataProperties.swift */; };
		5501726E1C7A89450086DC28 /* Pin.swift in Sources */ = {isa = PBXBuildFile; fileRef = 5501726C1C7A89450086DC28 /* Pin.swift */; };
		550172701C7C5F6A0086DC28 /* PhotoCollectionViewCell.swift in Sources */ = {isa = PBXBuildFile; fileRef = 5501726F1C7C5F6A0086DC28 /* PhotoCollectionViewCell.swift */; };
		55AA11801C5984FF00977620 /* AppDelegate.swift in Sources */ = {isa = PBXBuildFile; fileRef = 55AA117F1C5984FF00977620 /* AppDelegate.swift */; };
		55AA11821C5984FF00977620 /* LocationMapViewController.swift in Sources */ = {isa = PBXBuildFile; fileRef = 55AA11811C5984FF00977620 /* LocationMapViewController.swift */; };
		55AA11851C5984FF00977620 /* Main.storyboard in Resources */ = {isa = PBXBuildFile; fileRef = 55AA11831C5984FF00977620 /* Main.storyboard */; };
		55AA11881C59850000977620 /* VirtualTourist.xcdatamodeld in Sources */ = {isa = PBXBuildFile; fileRef = 55AA11861C5984FF00977620 /* VirtualTourist.xcdatamodeld */; };
		55AA118A1C59850000977620 /* Assets.xcassets in Resources */ = {isa = PBXBuildFile; fileRef = 55AA11891C59850000977620 /* Assets.xcassets */; };
		55AA118D1C59850000977620 /* LaunchScreen.storyboard in Resources */ = {isa = PBXBuildFile; fileRef = 55AA118B1C59850000977620 /* LaunchScreen.storyboard */; };
		55AA11981C59850000977620 /* VirtualTouristUITests.swift in Sources */ = {isa = PBXBuildFile; fileRef = 55AA11971C59850000977620 /* VirtualTouristUITests.swift */; };
		55AA11A71C5A1C8800977620 /* MapKit.framework in Frameworks */ = {isa = PBXBuildFile; fileRef = 55AA11A61C5A1C8800977620 /* MapKit.framework */; };
		55AA11A91C683AAF00977620 /* PhotoAlbumViewController.swift in Sources */ = {isa = PBXBuildFile; fileRef = 55AA11A81C683AAF00977620 /* PhotoAlbumViewController.swift */; };
		55AA11AB1C69DA7700977620 /* FlickrClient.swift in Sources */ = {isa = PBXBuildFile; fileRef = 55AA11AA1C69DA7700977620 /* FlickrClient.swift */; };
		55F309781C8BBE2E0017521C /* Category+CoreDataProperties.swift in Sources */ = {isa = PBXBuildFile; fileRef = 55F309761C8BBE2E0017521C /* Category+CoreDataProperties.swift */; };
		55F309791C8BBE2E0017521C /* Category.swift in Sources */ = {isa = PBXBuildFile; fileRef = 55F309771C8BBE2E0017521C /* Category.swift */; };
		55F309991C967F640017521C /* ImageScrollView.swift in Sources */ = {isa = PBXBuildFile; fileRef = 55F309981C967F640017521C /* ImageScrollView.swift */; };
/* End PBXBuildFile section */

/* Begin PBXContainerItemProxy section */
		55AA11941C59850000977620 /* PBXContainerItemProxy */ = {
			isa = PBXContainerItemProxy;
			containerPortal = 55AA11741C5984FF00977620 /* Project object */;
			proxyType = 1;
			remoteGlobalIDString = 55AA117B1C5984FF00977620;
			remoteInfo = VirtualTourist;
		};
/* End PBXContainerItemProxy section */

/* Begin PBXFileReference section */
		5501720B1C6C66900086DC28 /* FlickrConstants.swift */ = {isa = PBXFileReference; fileEncoding = 4; lastKnownFileType = sourcecode.swift; path = FlickrConstants.swift; sourceTree = "<group>"; };
		5501720F1C6C74100086DC28 /* FlickrConvenient.swift */ = {isa = PBXFileReference; fileEncoding = 4; lastKnownFileType = sourcecode.swift; path = FlickrConvenient.swift; sourceTree = "<group>"; };
		550172531C71BC310086DC28 /* CoreDataStackManager.swift */ = {isa = PBXFileReference; fileEncoding = 4; lastKnownFileType = sourcecode.swift; path = CoreDataStackManager.swift; sourceTree = "<group>"; };
		550172631C790A080086DC28 /* Photos+CoreDataProperties.swift */ = {isa = PBXFileReference; fileEncoding = 4; lastKnownFileType = sourcecode.swift; path = "Photos+CoreDataProperties.swift"; sourceTree = "<group>"; };
		550172641C790A080086DC28 /* Photos.swift */ = {isa = PBXFileReference; fileEncoding = 4; lastKnownFileType = sourcecode.swift; path = Photos.swift; sourceTree = "<group>"; };
		5501726B1C7A89450086DC28 /* Pin+CoreDataProperties.swift */ = {isa = PBXFileReference; fileEncoding = 4; lastKnownFileType = sourcecode.swift; name = "Pin+CoreDataProperties.swift"; path = "../Pin+CoreDataProperties.swift"; sourceTree = "<group>"; };
		5501726C1C7A89450086DC28 /* Pin.swift */ = {isa = PBXFileReference; fileEncoding = 4; lastKnownFileType = sourcecode.swift; name = Pin.swift; path = ../Pin.swift; sourceTree = "<group>"; };
		5501726F1C7C5F6A0086DC28 /* PhotoCollectionViewCell.swift */ = {isa = PBXFileReference; fileEncoding = 4; lastKnownFileType = sourcecode.swift; path = PhotoCollectionViewCell.swift; sourceTree = "<group>"; };
		55AA117C1C5984FF00977620 /* VirtualTourist.app */ = {isa = PBXFileReference; explicitFileType = wrapper.application; includeInIndex = 0; path = VirtualTourist.app; sourceTree = BUILT_PRODUCTS_DIR; };
		55AA117F1C5984FF00977620 /* AppDelegate.swift */ = {isa = PBXFileReference; lastKnownFileType = sourcecode.swift; path = AppDelegate.swift; sourceTree = "<group>"; };
		55AA11811C5984FF00977620 /* LocationMapViewController.swift */ = {isa = PBXFileReference; lastKnownFileType = sourcecode.swift; path = LocationMapViewController.swift; sourceTree = "<group>"; };
		55AA11841C5984FF00977620 /* Base */ = {isa = PBXFileReference; lastKnownFileType = file.storyboard; name = Base; path = Base.lproj/Main.storyboard; sourceTree = "<group>"; };
		55AA11871C59850000977620 /* VirtualTourist.xcdatamodel */ = {isa = PBXFileReference; lastKnownFileType = wrapper.xcdatamodel; path = VirtualTourist.xcdatamodel; sourceTree = "<group>"; };
		55AA11891C59850000977620 /* Assets.xcassets */ = {isa = PBXFileReference; lastKnownFileType = folder.assetcatalog; path = Assets.xcassets; sourceTree = "<group>"; };
		55AA118C1C59850000977620 /* Base */ = {isa = PBXFileReference; lastKnownFileType = file.storyboard; name = Base; path = Base.lproj/LaunchScreen.storyboard; sourceTree = "<group>"; };
		55AA118E1C59850000977620 /* Info.plist */ = {isa = PBXFileReference; lastKnownFileType = text.plist.xml; path = Info.plist; sourceTree = "<group>"; };
		55AA11931C59850000977620 /* VirtualTouristUITests.xctest */ = {isa = PBXFileReference; explicitFileType = wrapper.cfbundle; includeInIndex = 0; path = VirtualTouristUITests.xctest; sourceTree = BUILT_PRODUCTS_DIR; };
		55AA11971C59850000977620 /* VirtualTouristUITests.swift */ = {isa = PBXFileReference; lastKnownFileType = sourcecode.swift; path = VirtualTouristUITests.swift; sourceTree = "<group>"; };
		55AA11991C59850000977620 /* Info.plist */ = {isa = PBXFileReference; lastKnownFileType = text.plist.xml; path = Info.plist; sourceTree = "<group>"; };
		55AA11A61C5A1C8800977620 /* MapKit.framework */ = {isa = PBXFileReference; lastKnownFileType = wrapper.framework; name = MapKit.framework; path = System/Library/Frameworks/MapKit.framework; sourceTree = SDKROOT; };
		55AA11A81C683AAF00977620 /* PhotoAlbumViewController.swift */ = {isa = PBXFileReference; fileEncoding = 4; lastKnownFileType = sourcecode.swift; path = PhotoAlbumViewController.swift; sourceTree = "<group>"; };
		55AA11AA1C69DA7700977620 /* FlickrClient.swift */ = {isa = PBXFileReference; fileEncoding = 4; lastKnownFileType = sourcecode.swift; path = FlickrClient.swift; sourceTree = "<group>"; };
		55F309761C8BBE2E0017521C /* Category+CoreDataProperties.swift */ = {isa = PBXFileReference; fileEncoding = 4; lastKnownFileType = sourcecode.swift; name = "Category+CoreDataProperties.swift"; path = "../Category+CoreDataProperties.swift"; sourceTree = "<group>"; };
		55F309771C8BBE2E0017521C /* Category.swift */ = {isa = PBXFileReference; fileEncoding = 4; lastKnownFileType = sourcecode.swift; name = Category.swift; path = ../Category.swift; sourceTree = "<group>"; };
		55F309981C967F640017521C /* ImageScrollView.swift */ = {isa = PBXFileReference; fileEncoding = 4; lastKnownFileType = sourcecode.swift; name = ImageScrollView.swift; path = ../ImageScrollView.swift; sourceTree = "<group>"; };
/* End PBXFileReference section */

/* Begin PBXFrameworksBuildPhase section */
		55AA11791C5984FF00977620 /* Frameworks */ = {
			isa = PBXFrameworksBuildPhase;
			buildActionMask = 2147483647;
			files = (
				55AA11A71C5A1C8800977620 /* MapKit.framework in Frameworks */,
			);
			runOnlyForDeploymentPostprocessing = 0;
		};
		55AA11901C59850000977620 /* Frameworks */ = {
			isa = PBXFrameworksBuildPhase;
			buildActionMask = 2147483647;
			files = (
			);
			runOnlyForDeploymentPostprocessing = 0;
		};
/* End PBXFrameworksBuildPhase section */

/* Begin PBXGroup section */
		550172551C7459270086DC28 /* Model */ = {
			isa = PBXGroup;
			children = (
			);
			name = Model;
			sourceTree = "<group>";
		};
		550172561C7464770086DC28 /* Controller */ = {
			isa = PBXGroup;
			children = (
				55AA11811C5984FF00977620 /* LocationMapViewController.swift */,
				55AA11A81C683AAF00977620 /* PhotoAlbumViewController.swift */,
			);
			name = Controller;
			sourceTree = "<group>";
		};
		55AA11731C5984FF00977620 = {
			isa = PBXGroup;
			children = (
				55AA11A61C5A1C8800977620 /* MapKit.framework */,
				55AA117E1C5984FF00977620 /* VirtualTourist */,
				55AA11961C59850000977620 /* VirtualTouristUITests */,
				55AA117D1C5984FF00977620 /* Products */,
			);
			sourceTree = "<group>";
		};
		55AA117D1C5984FF00977620 /* Products */ = {
			isa = PBXGroup;
			children = (
				55AA117C1C5984FF00977620 /* VirtualTourist.app */,
				55AA11931C59850000977620 /* VirtualTouristUITests.xctest */,
			);
			name = Products;
			sourceTree = "<group>";
		};
		55AA117E1C5984FF00977620 /* VirtualTourist */ = {
			isa = PBXGroup;
			children = (
				550172561C7464770086DC28 /* Controller */,
				550172551C7459270086DC28 /* Model */,
				55AA117F1C5984FF00977620 /* AppDelegate.swift */,
				55F309981C967F640017521C /* ImageScrollView.swift */,
				55AA11AA1C69DA7700977620 /* FlickrClient.swift */,
				5501720B1C6C66900086DC28 /* FlickrConstants.swift */,
				5501720F1C6C74100086DC28 /* FlickrConvenient.swift */,
				550172531C71BC310086DC28 /* CoreDataStackManager.swift */,
				55AA118B1C59850000977620 /* LaunchScreen.storyboard */,
				55AA11831C5984FF00977620 /* Main.storyboard */,
				550172631C790A080086DC28 /* Photos+CoreDataProperties.swift */,
				550172641C790A080086DC28 /* Photos.swift */,
				5501726B1C7A89450086DC28 /* Pin+CoreDataProperties.swift */,
				5501726C1C7A89450086DC28 /* Pin.swift */,
				5501726F1C7C5F6A0086DC28 /* PhotoCollectionViewCell.swift */,
				55F309761C8BBE2E0017521C /* Category+CoreDataProperties.swift */,
				55F309771C8BBE2E0017521C /* Category.swift */,
				55AA11861C5984FF00977620 /* VirtualTourist.xcdatamodeld */,
				55AA118E1C59850000977620 /* Info.plist */,
				55AA11891C59850000977620 /* Assets.xcassets */,
			);
			path = VirtualTourist;
			sourceTree = "<group>";
		};
		55AA11961C59850000977620 /* VirtualTouristUITests */ = {
			isa = PBXGroup;
			children = (
				55AA11971C59850000977620 /* VirtualTouristUITests.swift */,
				55AA11991C59850000977620 /* Info.plist */,
			);
			path = VirtualTouristUITests;
			sourceTree = "<group>";
		};
/* End PBXGroup section */

/* Begin PBXNativeTarget section */
		55AA117B1C5984FF00977620 /* VirtualTourist */ = {
			isa = PBXNativeTarget;
			buildConfigurationList = 55AA119C1C59850000977620 /* Build configuration list for PBXNativeTarget "VirtualTourist" */;
			buildPhases = (
				55AA11781C5984FF00977620 /* Sources */,
				55AA11791C5984FF00977620 /* Frameworks */,
				55AA117A1C5984FF00977620 /* Resources */,
			);
			buildRules = (
			);
			dependencies = (
			);
			name = VirtualTourist;
			productName = VirtualTourist;
			productReference = 55AA117C1C5984FF00977620 /* VirtualTourist.app */;
			productType = "com.apple.product-type.application";
		};
		55AA11921C59850000977620 /* VirtualTouristUITests */ = {
			isa = PBXNativeTarget;
			buildConfigurationList = 55AA119F1C59850000977620 /* Build configuration list for PBXNativeTarget "VirtualTouristUITests" */;
			buildPhases = (
				55AA118F1C59850000977620 /* Sources */,
				55AA11901C59850000977620 /* Frameworks */,
				55AA11911C59850000977620 /* Resources */,
			);
			buildRules = (
			);
			dependencies = (
				55AA11951C59850000977620 /* PBXTargetDependency */,
			);
			name = VirtualTouristUITests;
			productName = VirtualTouristUITests;
			productReference = 55AA11931C59850000977620 /* VirtualTouristUITests.xctest */;
			productType = "com.apple.product-type.bundle.ui-testing";
		};
/* End PBXNativeTarget section */

/* Begin PBXProject section */
		55AA11741C5984FF00977620 /* Project object */ = {
			isa = PBXProject;
			attributes = {
				LastSwiftUpdateCheck = 0720;
				LastUpgradeCheck = 0720;
				ORGANIZATIONNAME = "Million Stars, LLC";
				TargetAttributes = {
					55AA117B1C5984FF00977620 = {
						CreatedOnToolsVersion = 7.2;
						SystemCapabilities = {
							com.apple.Maps.iOS = {
								enabled = 1;
							};
						};
					};
					55AA11921C59850000977620 = {
						CreatedOnToolsVersion = 7.2;
						TestTargetID = 55AA117B1C5984FF00977620;
					};
				};
			};
			buildConfigurationList = 55AA11771C5984FF00977620 /* Build configuration list for PBXProject "VirtualTourist" */;
			compatibilityVersion = "Xcode 3.2";
			developmentRegion = English;
			hasScannedForEncodings = 0;
			knownRegions = (
				en,
				Base,
			);
			mainGroup = 55AA11731C5984FF00977620;
			productRefGroup = 55AA117D1C5984FF00977620 /* Products */;
			projectDirPath = "";
			projectRoot = "";
			targets = (
				55AA117B1C5984FF00977620 /* VirtualTourist */,
				55AA11921C59850000977620 /* VirtualTouristUITests */,
			);
		};
/* End PBXProject section */

/* Begin PBXResourcesBuildPhase section */
		55AA117A1C5984FF00977620 /* Resources */ = {
			isa = PBXResourcesBuildPhase;
			buildActionMask = 2147483647;
			files = (
				55AA118D1C59850000977620 /* LaunchScreen.storyboard in Resources */,
				55AA118A1C59850000977620 /* Assets.xcassets in Resources */,
				55AA11851C5984FF00977620 /* Main.storyboard in Resources */,
			);
			runOnlyForDeploymentPostprocessing = 0;
		};
		55AA11911C59850000977620 /* Resources */ = {
			isa = PBXResourcesBuildPhase;
			buildActionMask = 2147483647;
			files = (
			);
			runOnlyForDeploymentPostprocessing = 0;
		};
/* End PBXResourcesBuildPhase section */

/* Begin PBXSourcesBuildPhase section */
		55AA11781C5984FF00977620 /* Sources */ = {
			isa = PBXSourcesBuildPhase;
			buildActionMask = 2147483647;
			files = (
				5501720C1C6C66900086DC28 /* FlickrConstants.swift in Sources */,
				550172701C7C5F6A0086DC28 /* PhotoCollectionViewCell.swift in Sources */,
				5501726D1C7A89450086DC28 /* Pin+CoreDataProperties.swift in Sources */,
				55AA11821C5984FF00977620 /* LocationMapViewController.swift in Sources */,
				550172541C71BC310086DC28 /* CoreDataStackManager.swift in Sources */,
				55AA11AB1C69DA7700977620 /* FlickrClient.swift in Sources */,
				5501726E1C7A89450086DC28 /* Pin.swift in Sources */,
				55F309781C8BBE2E0017521C /* Category+CoreDataProperties.swift in Sources */,
				550172681C790A080086DC28 /* Photos.swift in Sources */,
				55AA11801C5984FF00977620 /* AppDelegate.swift in Sources */,
				550172671C790A080086DC28 /* Photos+CoreDataProperties.swift in Sources */,
				55F309791C8BBE2E0017521C /* Category.swift in Sources */,
				55AA11881C59850000977620 /* VirtualTourist.xcdatamodeld in Sources */,
				55F309991C967F640017521C /* ImageScrollView.swift in Sources */,
				550172101C6C74100086DC28 /* FlickrConvenient.swift in Sources */,
				55AA11A91C683AAF00977620 /* PhotoAlbumViewController.swift in Sources */,
			);
			runOnlyForDeploymentPostprocessing = 0;
		};
		55AA118F1C59850000977620 /* Sources */ = {
			isa = PBXSourcesBuildPhase;
			buildActionMask = 2147483647;
			files = (
				55AA11981C59850000977620 /* VirtualTouristUITests.swift in Sources */,
			);
			runOnlyForDeploymentPostprocessing = 0;
		};
/* End PBXSourcesBuildPhase section */

/* Begin PBXTargetDependency section */
		55AA11951C59850000977620 /* PBXTargetDependency */ = {
			isa = PBXTargetDependency;
			target = 55AA117B1C5984FF00977620 /* VirtualTourist */;
			targetProxy = 55AA11941C59850000977620 /* PBXContainerItemProxy */;
		};
/* End PBXTargetDependency section */

/* Begin PBXVariantGroup section */
		55AA11831C5984FF00977620 /* Main.storyboard */ = {
			isa = PBXVariantGroup;
			children = (
				55AA11841C5984FF00977620 /* Base */,
			);
			name = Main.storyboard;
			sourceTree = "<group>";
		};
		55AA118B1C59850000977620 /* LaunchScreen.storyboard */ = {
			isa = PBXVariantGroup;
			children = (
				55AA118C1C59850000977620 /* Base */,
			);
			name = LaunchScreen.storyboard;
			sourceTree = "<group>";
		};
/* End PBXVariantGroup section */

/* Begin XCBuildConfiguration section */
		55AA119A1C59850000977620 /* Debug */ = {
			isa = XCBuildConfiguration;
			buildSettings = {
				ALWAYS_SEARCH_USER_PATHS = NO;
				CLANG_CXX_LANGUAGE_STANDARD = "gnu++0x";
				CLANG_CXX_LIBRARY = "libc++";
				CLANG_ENABLE_MODULES = YES;
				CLANG_ENABLE_OBJC_ARC = YES;
				CLANG_WARN_BOOL_CONVERSION = YES;
				CLANG_WARN_CONSTANT_CONVERSION = YES;
				CLANG_WARN_DIRECT_OBJC_ISA_USAGE = YES_ERROR;
				CLANG_WARN_EMPTY_BODY = YES;
				CLANG_WARN_ENUM_CONVERSION = YES;
				CLANG_WARN_INT_CONVERSION = YES;
				CLANG_WARN_OBJC_ROOT_CLASS = YES_ERROR;
				CLANG_WARN_UNREACHABLE_CODE = YES;
				CLANG_WARN__DUPLICATE_METHOD_MATCH = YES;
				CODE_SIGN_IDENTITY = "iPhone Developer: Stella Su (J74CT877ZL)";
				"CODE_SIGN_IDENTITY[sdk=iphoneos*]" = "iPhone Developer";
				COPY_PHASE_STRIP = NO;
				DEBUG_INFORMATION_FORMAT = dwarf;
				ENABLE_STRICT_OBJC_MSGSEND = YES;
				ENABLE_TESTABILITY = YES;
				GCC_C_LANGUAGE_STANDARD = gnu99;
				GCC_DYNAMIC_NO_PIC = NO;
				GCC_NO_COMMON_BLOCKS = YES;
				GCC_OPTIMIZATION_LEVEL = 0;
				GCC_PREPROCESSOR_DEFINITIONS = (
					"DEBUG=1",
					"$(inherited)",
				);
				GCC_WARN_64_TO_32_BIT_CONVERSION = YES;
				GCC_WARN_ABOUT_RETURN_TYPE = YES_ERROR;
				GCC_WARN_UNDECLARED_SELECTOR = YES;
				GCC_WARN_UNINITIALIZED_AUTOS = YES_AGGRESSIVE;
				GCC_WARN_UNUSED_FUNCTION = YES;
				GCC_WARN_UNUSED_VARIABLE = YES;
				IPHONEOS_DEPLOYMENT_TARGET = 9.2;
				MTL_ENABLE_DEBUG_INFO = YES;
				ONLY_ACTIVE_ARCH = YES;
				SDKROOT = iphoneos;
				SWIFT_OPTIMIZATION_LEVEL = "-Onone";
				TARGETED_DEVICE_FAMILY = "1,2";
			};
			name = Debug;
		};
		55AA119B1C59850000977620 /* Release */ = {
			isa = XCBuildConfiguration;
			buildSettings = {
				ALWAYS_SEARCH_USER_PATHS = NO;
				CLANG_CXX_LANGUAGE_STANDARD = "gnu++0x";
				CLANG_CXX_LIBRARY = "libc++";
				CLANG_ENABLE_MODULES = YES;
				CLANG_ENABLE_OBJC_ARC = YES;
				CLANG_WARN_BOOL_CONVERSION = YES;
				CLANG_WARN_CONSTANT_CONVERSION = YES;
				CLANG_WARN_DIRECT_OBJC_ISA_USAGE = YES_ERROR;
				CLANG_WARN_EMPTY_BODY = YES;
				CLANG_WARN_ENUM_CONVERSION = YES;
				CLANG_WARN_INT_CONVERSION = YES;
				CLANG_WARN_OBJC_ROOT_CLASS = YES_ERROR;
				CLANG_WARN_UNREACHABLE_CODE = YES;
				CLANG_WARN__DUPLICATE_METHOD_MATCH = YES;
				"CODE_SIGN_IDENTITY[sdk=iphoneos*]" = "iPhone Developer";
				COPY_PHASE_STRIP = NO;
				DEBUG_INFORMATION_FORMAT = "dwarf-with-dsym";
				ENABLE_NS_ASSERTIONS = NO;
				ENABLE_STRICT_OBJC_MSGSEND = YES;
				GCC_C_LANGUAGE_STANDARD = gnu99;
				GCC_NO_COMMON_BLOCKS = YES;
				GCC_WARN_64_TO_32_BIT_CONVERSION = YES;
				GCC_WARN_ABOUT_RETURN_TYPE = YES_ERROR;
				GCC_WARN_UNDECLARED_SELECTOR = YES;
				GCC_WARN_UNINITIALIZED_AUTOS = YES_AGGRESSIVE;
				GCC_WARN_UNUSED_FUNCTION = YES;
				GCC_WARN_UNUSED_VARIABLE = YES;
				IPHONEOS_DEPLOYMENT_TARGET = 9.2;
				MTL_ENABLE_DEBUG_INFO = NO;
				SDKROOT = iphoneos;
				TARGETED_DEVICE_FAMILY = "1,2";
				VALIDATE_PRODUCT = YES;
			};
			name = Release;
		};
		55AA119D1C59850000977620 /* Debug */ = {
			isa = XCBuildConfiguration;
			buildSettings = {
				ASSETCATALOG_COMPILER_APPICON_NAME = AppIcon;
				CLANG_ENABLE_MODULES = YES;
				CODE_SIGN_IDENTITY = "iPhone Distribution";
				INFOPLIST_FILE = VirtualTourist/Info.plist;
				LD_RUNPATH_SEARCH_PATHS = "$(inherited) @executable_path/Frameworks";
				PRODUCT_BUNDLE_IDENTIFIER = com.millionstarsllC.VirtualTourist;
				PRODUCT_NAME = "$(TARGET_NAME)";
				SWIFT_OPTIMIZATION_LEVEL = "-Onone";
				TARGETED_DEVICE_FAMILY = 1;
			};
			name = Debug;
		};
		55AA119E1C59850000977620 /* Release */ = {
			isa = XCBuildConfiguration;
			buildSettings = {
				ASSETCATALOG_COMPILER_APPICON_NAME = AppIcon;
				CLANG_ENABLE_MODULES = YES;
				CODE_SIGN_IDENTITY = "iPhone Distribution";
				INFOPLIST_FILE = VirtualTourist/Info.plist;
				LD_RUNPATH_SEARCH_PATHS = "$(inherited) @executable_path/Frameworks";
				PRODUCT_BUNDLE_IDENTIFIER = com.millionstarsllC.VirtualTourist;
				PRODUCT_NAME = "$(TARGET_NAME)";
				TARGETED_DEVICE_FAMILY = 1;
			};
			name = Release;
		};
		55AA11A01C59850000977620 /* Debug */ = {
			isa = XCBuildConfiguration;
			buildSettings = {
				INFOPLIST_FILE = VirtualTouristUITests/Info.plist;
				LD_RUNPATH_SEARCH_PATHS = "$(inherited) @executable_path/Frameworks @loader_path/Frameworks";
				PRODUCT_BUNDLE_IDENTIFIER = com.millionstarsllC.VirtualTouristUITests;
				PRODUCT_NAME = "$(TARGET_NAME)";
				TEST_TARGET_NAME = VirtualTourist;
				USES_XCTRUNNER = YES;
			};
			name = Debug;
		};
		55AA11A11C59850000977620 /* Release */ = {
			isa = XCBuildConfiguration;
			buildSettings = {
				"CODE_SIGN_ENTITLEMENTS[sdk=*]" = "";
				INFOPLIST_FILE = VirtualTouristUITests/Info.plist;
				LD_RUNPATH_SEARCH_PATHS = "$(inherited) @executable_path/Frameworks @loader_path/Frameworks";
				PRODUCT_BUNDLE_IDENTIFIER = com.millionstarsllC.VirtualTouristUITests;
				PRODUCT_NAME = "$(TARGET_NAME)";
				TEST_TARGET_NAME = VirtualTourist;
				USES_XCTRUNNER = YES;
			};
			name = Release;
		};
/* End XCBuildConfiguration section */

/* Begin XCConfigurationList section */
		55AA11771C5984FF00977620 /* Build configuration list for PBXProject "VirtualTourist" */ = {
			isa = XCConfigurationList;
			buildConfigurations = (
				55AA119A1C59850000977620 /* Debug */,
				55AA119B1C59850000977620 /* Release */,
			);
			defaultConfigurationIsVisible = 0;
			defaultConfigurationName = Release;
		};
		55AA119C1C59850000977620 /* Build configuration list for PBXNativeTarget "VirtualTourist" */ = {
			isa = XCConfigurationList;
			buildConfigurations = (
				55AA119D1C59850000977620 /* Debug */,
				55AA119E1C59850000977620 /* Release */,
			);
			defaultConfigurationIsVisible = 0;
			defaultConfigurationName = Release;
		};
		55AA119F1C59850000977620 /* Build configuration list for PBXNativeTarget "VirtualTouristUITests" */ = {
			isa = XCConfigurationList;
			buildConfigurations = (
				55AA11A01C59850000977620 /* Debug */,
				55AA11A11C59850000977620 /* Release */,
			);
			defaultConfigurationIsVisible = 0;
			defaultConfigurationName = Release;
		};
/* End XCConfigurationList section */

/* Begin XCVersionGroup section */
		55AA11861C5984FF00977620 /* VirtualTourist.xcdatamodeld */ = {
			isa = XCVersionGroup;
			children = (
				55AA11871C59850000977620 /* VirtualTourist.xcdatamodel */,
			);
			currentVersion = 55AA11871C59850000977620 /* VirtualTourist.xcdatamodel */;
			path = VirtualTourist.xcdatamodeld;
			sourceTree = "<group>";
			versionGroupType = wrapper.xcdatamodel;
		};
/* End XCVersionGroup section */
	};
	rootObject = 55AA11741C5984FF00977620 /* Project object */;
}
